# THIS IS AN AUTOGENERATED FILE. DO NOT EDIT THIS FILE DIRECTLY.
# yarn lockfile v1


ping@^0.2.2:
  version "0.2.2"
  resolved "https://registry.yarnpkg.com/ping/-/ping-0.2.2.tgz#180fb7508c1dc74793849bce35c8073f9965bce2"
  integrity sha1-GA+3UIwdx0eThJvONcgHP5llvOI=
  dependencies:
    q "1.x"
    underscore "^1.8.3"

q@1.x:
  version "1.5.1"
  resolved "https://registry.yarnpkg.com/q/-/q-1.5.1.tgz#7e32f75b41381291d04611f1bf14109ac00651d7"
  integrity sha1-fjL3W0E4EpHQRhHxvxQQmsAGUdc=

underscore@^1.8.3:
  version "1.9.1"
  resolved "https://registry.yarnpkg.com/underscore/-/underscore-1.9.1.tgz#06dce34a0e68a7babc29b365b8e74b8925203961"
  integrity sha512-5/4etnCkd9c8gwgowi5/om/mYO5ajCaOgdzj/oW+0eQV9WxKBDZw5+ycmKmeaTXjInS/W0BzpGLo2xR2aBwZdg==
